<?xml version="1.0" encoding="utf-8"?>
<Project ToolsVersion="4.0" xmlns="http://schemas.microsoft.com/developer/msbuild/2003">
  <ItemGroup>
    <Filter Include="Source Files">
      <UniqueIdentifier>{9eb8f63a-2651-436e-a2ad-5a2ca4c0084f}</UniqueIdentifier>
      <Extensions>cpp;c;cxx;rc;def;r;odl;idl;hpj;bat</Extensions>
    </Filter>
    <Filter Include="Header Files">
      <UniqueIdentifier>{c64ff179-6f62-4d09-9005-6b3634183679}</UniqueIdentifier>
      <Extensions>h;hpp;hxx;hm;inl</Extensions>
    </Filter>
    <Filter Include="Resource Files">
      <UniqueIdentifier>{6749fc4d-121f-4b50-9bfb-a320f3186c50}</UniqueIdentifier>
      <Extensions>ico;cur;bmp;dlg;rc2;rct;bin;rgs;gif;jpg;jpeg;jpe</Extensions>
    </Filter>
  </ItemGroup>
  <ItemGroup>
    <ClCompile Include="DPoint.cpp">
      <Filter>Source Files</Filter>
    </ClCompile>
    <ClCompile Include="FileFixedPrint.cpp">
      <Filter>Source Files</Filter>
    </ClCompile>
    <ClCompile Include="FolderDialog.cpp">
      <Filter>Source Files</Filter>
    </ClCompile>
    <ClCompile Include="Instruct.cpp">
      <Filter>Source Files</Filter>
    </ClCompile>
    <ClCompile Include="Line.cpp">
      <Filter>Source Files</Filter>
    </ClCompile>
    <ClCompile Include="NetworkSetup.cpp">
      <Filter>Source Files</Filter>
    </ClCompile>
    <ClCompile Include="PictureDlg.cpp">
      <Filter>Source Files</Filter>
    </ClCompile>
    <ClCompile Include="PlotCenter.cpp">
      <Filter>Source Files</Filter>
    </ClCompile>
    <ClCompile Include="PlotCenterDlg.cpp">
      <Filter>Source Files</Filter>
    </ClCompile>
    <ClCompile Include="PlotListCtrl.cpp">
      <Filter>Source Files</Filter>
    </ClCompile>
    <ClCompile Include="PlotThread.cpp">
      <Filter>Source Files</Filter>
    </ClCompile>
    <ClCompile Include="SelectDialog.cpp">
      <Filter>Source Files</Filter>
    </ClCompile>
    <ClCompile Include="SetupPicture.cpp">
      <Filter>Source Files</Filter>
    </ClCompile>
    <ClCompile Include="SetupPlotter.cpp">
      <Filter>Source Files</Filter>
    </ClCompile>
    <ClCompile Include="StdAfx.cpp">
      <Filter>Source Files</Filter>
    </ClCompile>
    <ClCompile Include="VerifyCopies.cpp">
      <Filter>Source Files</Filter>
    </ClCompile>
    <ClCompile Include="ViewHistory.cpp">
      <Filter>Source Files</Filter>
    </ClCompile>
  </ItemGroup>
  <ItemGroup>
    <ResourceCompile Include="PlotCenter.rc">
      <Filter>Source Files</Filter>
    </ResourceCompile>
  </ItemGroup>
  <ItemGroup>
    <ClInclude Include="CH375DLL.H">
      <Filter>Header Files</Filter>
    </ClInclude>
    <ClInclude Include="DPoint.h">
      <Filter>Header Files</Filter>
    </ClInclude>
    <ClInclude Include="FileFixedPrint.h">
      <Filter>Header Files</Filter>
    </ClInclude>
    <ClInclude Include="FolderDialog.h">
      <Filter>Header Files</Filter>
    </ClInclude>
    <ClInclude Include="Instruct.h">
      <Filter>Header Files</Filter>
    </ClInclude>
    <ClInclude Include="Line.h">
      <Filter>Header Files</Filter>
    </ClInclude>
    <ClInclude Include="NetworkSetup.h">
      <Filter>Header Files</Filter>
    </ClInclude>
    <ClInclude Include="PictureDlg.h">
      <Filter>Header Files</Filter>
    </ClInclude>
    <ClInclude Include="PlotCenter.h">
      <Filter>Header Files</Filter>
    </ClInclude>
    <ClInclude Include="PlotCenterDlg.h">
      <Filter>Header Files</Filter>
    </ClInclude>
    <ClInclude Include="PlotListCtrl.h">
      <Filter>Header Files</Filter>
    </ClInclude>
    <ClInclude Include="Resource.h">
      <Filter>Header Files</Filter>
    </ClInclude>
    <ClInclude Include="SelectDialog.h">
      <Filter>Header Files</Filter>
    </ClInclude>
    <ClInclude Include="SetupPicture.h">
      <Filter>Header Files</Filter>
    </ClInclude>
    <ClInclude Include="SetupPlotter.h">
      <Filter>Header Files</Filter>
    </ClInclude>
    <ClInclude Include="StdAfx.h">
      <Filter>Header Files</Filter>
    </ClInclude>
    <ClInclude Include="VerifyCopies.h">
      <Filter>Header Files</Filter>
    </ClInclude>
    <ClInclude Include="ViewHistory.h">
      <Filter>Header Files</Filter>
    </ClInclude>
  </ItemGroup>
  <ItemGroup>
    <CustomBuild Include="res\bmp00001.bmp">
      <Filter>Resource Files</Filter>
    </CustomBuild>
    <CustomBuild Include="res\cursor1.cur">
      <Filter>Resource Files</Filter>
    </CustomBuild>
    <CustomBuild Include="res\cursor2.cur">
      <Filter>Resource Files</Filter>
    </CustomBuild>
    <CustomBuild Include="res\down_gap.bmp">
      <Filter>Resource Files</Filter>
    </CustomBuild>
    <CustomBuild Include="res\ErrorX.bmp">
      <Filter>Resource Files</Filter>
    </CustomBuild>
    <CustomBuild Include="res\ErrorY.bmp">
      <Filter>Resource Files</Filter>
    </CustomBuild>
    <CustomBuild Include="res\flagbitm.bmp">
      <Filter>Resource Files</Filter>
    </CustomBuild>
    <CustomBuild Include="res\mark_gap.bmp">
      <Filter>Resource Files</Filter>
    </CustomBuild>
    <CustomBuild Include="res\page_cx.bmp">
      <Filter>Resource Files</Filter>
    </CustomBuild>
    <CustomBuild Include="res\page_cy.bmp">
      <Filter>Resource Files</Filter>
    </CustomBuild>
    <CustomBuild Include="res\PlotCenter.ico">
      <Filter>Resource Files</Filter>
    </CustomBuild>
    <CustomBuild Include="res\PlotCenter.rc2">
      <Filter>Resource Files</Filter>
    </CustomBuild>
    <CustomBuild Include="PlotCenter.rgs">
      <Filter>Resource Files</Filter>
    </CustomBuild>
    <CustomBuild Include="res\right_ga.bmp">
      <Filter>Resource Files</Filter>
    </CustomBuild>
    <CustomBuild Include="res\toolbar1.bmp">
      <Filter>Resource Files</Filter>
    </CustomBuild>
    <CustomBuild Include="res\up_gap.bmp">
      <Filter>Resource Files</Filter>
    </CustomBuild>
    <CustomBuild Include="ReadMe.txt" />
  </ItemGroup>
</Project>